
Microsoft Visual Studio Solution File, Format Version 12.00
# Visual Studio Version 16
VisualStudioVersion = 16.0.30517.126
MinimumVisualStudioVersion = 10.0.40219.1
Project("{9A19103F-16F7-4668-BE54-9A1E7A4F7556}") = "Frontend", "Frontend\Frontend.csproj", "{C3E8FD2B-6D11-433E-9A6E-9AFF5669748D}"
EndProject
Project("{9A19103F-16F7-4668-BE54-9A1E7A4F7556}") = "Backend", "Backend\Backend.csproj", "{84DB3687-FC08-4811-804B-63560CAEA90C}"
EndProject
Project("{9A19103F-16F7-4668-BE54-9A1E7A4F7556}") = "XUnitTestBackend", "XUnitTest\XUnitTestBackend.csproj", "{61591A16-F402-48E7-9C6E-9AB42BD2A80E}"
EndProject
Project("{9A19103F-16F7-4668-BE54-9A1E7A4F7556}") = "XUnitTestFrontend", "XUnitTestFrontend\XUnitTestFrontend.csproj", "{98829784-8C01-4296-B44D-A2BA6F255E2E}"
EndProject
Global
	GlobalSection(SolutionConfigurationPlatforms) = preSolution
		Debug|Any CPU = Debug|Any CPU
		Release|Any CPU = Release|Any CPU
	EndGlobalSection
	GlobalSection(ProjectConfigurationPlatforms) = postSolution
		{C3E8FD2B-6D11-433E-9A6E-9AFF5669748D}.Debug|Any CPU.ActiveCfg = Debug|Any CPU
		{C3E8FD2B-6D11-433E-9A6E-9AFF5669748D}.Debug|Any CPU.Build.0 = Debug|Any CPU
		{C3E8FD2B-6D11-433E-9A6E-9AFF5669748D}.Release|Any CPU.ActiveCfg = Release|Any CPU
		{C3E8FD2B-6D11-433E-9A6E-9AFF5669748D}.Release|Any CPU.Build.0 = Release|Any CPU
		{84DB3687-FC08-4811-804B-63560CAEA90C}.Debug|Any CPU.ActiveCfg = Debug|Any CPU
		{84DB3687-FC08-4811-804B-63560CAEA90C}.Debug|Any CPU.Build.0 = Debug|Any CPU
		{84DB3687-FC08-4811-804B-63560CAEA90C}.Release|Any CPU.ActiveCfg = Release|Any CPU
		{84DB3687-FC08-4811-804B-63560CAEA90C}.Release|Any CPU.Build.0 = Release|Any CPU
		{61591A16-F402-48E7-9C6E-9AB42BD2A80E}.Debug|Any CPU.ActiveCfg = Debug|Any CPU
		{61591A16-F402-48E7-9C6E-9AB42BD2A80E}.Debug|Any CPU.Build.0 = Debug|Any CPU
		{61591A16-F402-48E7-9C6E-9AB42BD2A80E}.Release|Any CPU.ActiveCfg = Release|Any CPU
		{61591A16-F402-48E7-9C6E-9AB42BD2A80E}.Release|Any CPU.Build.0 = Release|Any CPU
		{98829784-8C01-4296-B44D-A2BA6F255E2E}.Debug|Any CPU.ActiveCfg = Debug|Any CPU
		{98829784-8C01-4296-B44D-A2BA6F255E2E}.Debug|Any CPU.Build.0 = Debug|Any CPU
		{98829784-8C01-4296-B44D-A2BA6F255E2E}.Release|Any CPU.ActiveCfg = Release|Any CPU
		{98829784-8C01-4296-B44D-A2BA6F255E2E}.Release|Any CPU.Build.0 = Release|Any CPU
	EndGlobalSection
	GlobalSection(SolutionProperties) = preSolution
		HideSolutionNode = FALSE
	EndGlobalSection
	GlobalSection(ExtensibilityGlobals) = postSolution
		SolutionGuid = {2A249D23-4173-455D-96E7-0E31B99C1AB8}
	EndGlobalSection
EndGlobal
